{
  "name": "@widy/sdk",
  "version": "1.0.7",
  "lockfileVersion": 3,
  "requires": true,
  "packages": {
    "": {
      "name": "@widy/sdk",
      "version": "1.0.7",
      "license": "ISC",
      "dependencies": {
        "@rsbuild/core": "^2.0.0",
        "ws": "^8.20.0"
      },
      "devDependencies": {
        "@biomejs/biome": "2.4.9",
        "@types/node": "^25.6.0",
        "@types/ws": "^8.18.1",
        "typescript": "^6.0.2"
      }
    },
    "node_modules/@biomejs/biome": {
      "version": "2.4.9",
      "resolved": "https://registry.npmjs.org/@biomejs/biome/-/biome-2.4.9.tgz",
      "integrity": "sha512-wvZW92FrwitTcacvCBT8xdAbfbxWfDLwjYMmU3djjqQTh7Ni4ZdiWIT/x5VcZ+RQuxiKzIOzi5D+dcyJDFZMsA==",
      "dev": true,
      "license": "MIT OR Apache-2.0",
      "bin": {
        "biome": "bin/biome"
      },
      "engines": {
        "node": ">=14.21.3"
      },
      "funding": {
        "type": "opencollective",
        "url": "https://opencollective.com/biome"
      },
      "optionalDependencies": {
        "@biomejs/cli-darwin-arm64": "2.4.9",
        "@biomejs/cli-darwin-x64": "2.4.9",
        "@biomejs/cli-linux-arm64": "2.4.9",
        "@biomejs/cli-linux-arm64-musl": "2.4.9",
        "@biomejs/cli-linux-x64": "2.4.9",
        "@biomejs/cli-linux-x64-musl": "2.4.9",
        "@biomejs/cli-win32-arm64": "2.4.9",
        "@biomejs/cli-win32-x64": "2.4.9"
      }
    },
    "node_modules/@biomejs/cli-darwin-arm64": {
      "version": "2.4.9",
      "resolved": "https://registry.npmjs.org/@biomejs/cli-darwin-arm64/-/cli-darwin-arm64-2.4.9.tgz",
      "integrity": "sha512-d5G8Gf2RpH5pYwiHLPA+UpG3G9TLQu4WM+VK6sfL7K68AmhcEQ9r+nkj/DvR/GYhYox6twsHUtmWWWIKfcfQQA==",
      "cpu": [
        "arm64"
      ],
      "dev": true,
      "license": "MIT OR Apache-2.0",
      "optional": true,
      "os": [
        "darwin"
      ],
      "engines": {
        "node": ">=14.21.3"
      }
    },
    "node_modules/@biomejs/cli-darwin-x64": {
      "version": "2.4.9",
      "resolved": "https://registry.npmjs.org/@biomejs/cli-darwin-x64/-/cli-darwin-x64-2.4.9.tgz",
      "integrity": "sha512-LNCLNgqDMG7BLdc3a8aY/dwKPK7+R8/JXJoXjCvZh2gx8KseqBdFDKbhrr7HCWF8SzNhbTaALhTBoh/I6rf9lA==",
      "cpu": [
        "x64"
      ],
      "dev": true,
      "license": "MIT OR Apache-2.0",
      "optional": true,
      "os": [
        "darwin"
      ],
      "engines": {
        "node": ">=14.21.3"
      }
    },
    "node_modules/@biomejs/cli-linux-arm64": {
      "version": "2.4.9",
      "resolved": "https://registry.npmjs.org/@biomejs/cli-linux-arm64/-/cli-linux-arm64-2.4.9.tgz",
      "integrity": "sha512-4adnkAUi6K4C/emPRgYznMOcLlUqZdXWM6aIui4VP4LraE764g6Q4YguygnAUoxKjKIXIWPteKMgRbN0wsgwcg==",
      "cpu": [
        "arm64"
      ],
      "dev": true,
      "license": "MIT OR Apache-2.0",
      "optional": true,
      "os": [
        "linux"
      ],
      "engines": {
        "node": ">=14.21.3"
      }
    },
    "node_modules/@biomejs/cli-linux-arm64-musl": {
      "version": "2.4.9",
      "resolved": "https://registry.npmjs.org/@biomejs/cli-linux-arm64-musl/-/cli-linux-arm64-musl-2.4.9.tgz",
      "integrity": "sha512-8RCww5xnPn2wpK4L/QDGDOW0dq80uVWfppPxHIUg6mOs9B6gRmqPp32h1Ls3T8GnW8Wo5A8u7vpTwz4fExN+sw==",
      "cpu": [
        "arm64"
      ],
      "dev": true,
      "license": "MIT OR Apache-2.0",
      "optional": true,
      "os": [
        "linux"
      ],
      "engines": {
        "node": ">=14.21.3"
      }
    },
    "node_modules/@biomejs/cli-linux-x64": {
      "version": "2.4.9",
      "resolved": "https://registry.npmjs.org/@biomejs/cli-linux-x64/-/cli-linux-x64-2.4.9.tgz",
      "integrity": "sha512-L10na7POF0Ks/cgLFNF1ZvIe+X4onLkTi5oP9hY+Rh60Q+7fWzKDDCeGyiHUFf1nGIa9dQOOUPGe2MyYg8nMSQ==",
      "cpu": [
        "x64"
      ],
      "dev": true,
      "license": "MIT OR Apache-2.0",
      "optional": true,
      "os": [
        "linux"
      ],
      "engines": {
        "node": ">=14.21.3"
      }
    },
    "node_modules/@biomejs/cli-linux-x64-musl": {
      "version": "2.4.9",
      "resolved": "https://registry.npmjs.org/@biomejs/cli-linux-x64-musl/-/cli-linux-x64-musl-2.4.9.tgz",
      "integrity": "sha512-5TD+WS9v5vzXKzjetF0hgoaNFHMcpQeBUwKKVi3JbG1e9UCrFuUK3Gt185fyTzvRdwYkJJEMqglRPjmesmVv4A==",
      "cpu": [
        "x64"
      ],
      "dev": true,
      "license": "MIT OR Apache-2.0",
      "optional": true,
      "os": [
        "linux"
      ],
      "engines": {
        "node": ">=14.21.3"
      }
    },
    "node_modules/@biomejs/cli-win32-arm64": {
      "version": "2.4.9",
      "resolved": "https://registry.npmjs.org/@biomejs/cli-win32-arm64/-/cli-win32-arm64-2.4.9.tgz",
      "integrity": "sha512-aDZr0RBC3sMGJOU10BvG7eZIlWLK/i51HRIfScE2lVhfts2dQTreowLiJJd+UYg/tHKxS470IbzpuKmd0MiD6g==",
      "cpu": [
        "arm64"
      ],
      "dev": true,
      "license": "MIT OR Apache-2.0",
      "optional": true,
      "os": [
        "win32"
      ],
      "engines": {
        "node": ">=14.21.3"
      }
    },
    "node_modules/@biomejs/cli-win32-x64": {
      "version": "2.4.9",
      "resolved": "https://registry.npmjs.org/@biomejs/cli-win32-x64/-/cli-win32-x64-2.4.9.tgz",
      "integrity": "sha512-NS4g/2G9SoQ4ktKtz31pvyc/rmgzlcIDCGU/zWbmHJAqx6gcRj2gj5Q/guXhoWTzCUaQZDIqiCQXHS7BcGYc0w==",
      "cpu": [
        "x64"
      ],
      "dev": true,
      "license": "MIT OR Apache-2.0",
      "optional": true,
      "os": [
        "win32"
      ],
      "engines": {
        "node": ">=14.21.3"
      }
    },
    "node_modules/@emnapi/core": {
      "version": "1.10.0",
      "resolved": "https://registry.npmjs.org/@emnapi/core/-/core-1.10.0.tgz",
      "integrity": "sha512-yq6OkJ4p82CAfPl0u9mQebQHKPJkY7WrIuk205cTYnYe+k2Z8YBh11FrbRG/H6ihirqcacOgl2BIO8oyMQLeXw==",
      "license": "MIT",
      "optional": true,
      "peer": true,
      "dependencies": {
        "@emnapi/wasi-threads": "1.2.1",
        "tslib": "^2.4.0"
      }
    },
    "node_modules/@emnapi/runtime": {
      "version": "1.10.0",
      "resolved": "https://registry.npmjs.org/@emnapi/runtime/-/runtime-1.10.0.tgz",
      "integrity": "sha512-ewvYlk86xUoGI0zQRNq/mC+16R1QeDlKQy21Ki3oSYXNgLb45GV1P6A0M+/s6nyCuNDqe5VpaY84BzXGwVbwFA==",
      "license": "MIT",
      "optional": true,
      "peer": true,
      "dependencies": {
        "tslib": "^2.4.0"
      }
    },
    "node_modules/@emnapi/wasi-threads": {
      "version": "1.2.1",
      "resolved": "https://registry.npmjs.org/@emnapi/wasi-threads/-/wasi-threads-1.2.1.tgz",
      "integrity": "sha512-uTII7OYF+/Mes/MrcIOYp5yOtSMLBWSIoLPpcgwipoiKbli6k322tcoFsxoIIxPDqW01SQGAgko4EzZi2BNv2w==",
      "license": "MIT",
      "optional": true,
      "dependencies": {
        "tslib": "^2.4.0"
      }
    },
    "node_modules/@napi-rs/wasm-runtime": {
      "version": "1.1.4",
      "resolved": "https://registry.npmjs.org/@napi-rs/wasm-runtime/-/wasm-runtime-1.1.4.tgz",
      "integrity": "sha512-3NQNNgA1YSlJb/kMH1ildASP9HW7/7kYnRI2szWJaofaS1hWmbGI4H+d3+22aGzXXN9IJ+n+GiFVcGipJP18ow==",
      "license": "MIT",
      "optional": true,
      "dependencies": {
        "@tybys/wasm-util": "^0.10.1"
      },
      "funding": {
        "type": "github",
        "url": "https://github.com/sponsors/Brooooooklyn"
      },
      "peerDependencies": {
        "@emnapi/core": "^1.7.1",
        "@emnapi/runtime": "^1.7.1"
      }
    },
    "node_modules/@rsbuild/core": {
      "version": "2.0.1",
      "resolved": "https://registry.npmjs.org/@rsbuild/core/-/core-2.0.1.tgz",
      "integrity": "sha512-5TwUpb10Y+VYaYH8oLL/rfJGrhxrk16BiGzv101kzaMPT60MtOXgjEUTxztbjRuq0ifbtRJ/w7rsIZQ4VziWYg==",
      "license": "MIT",
      "dependencies": {
        "@rspack/core": "^2.0.0",
        "@swc/helpers": "^0.5.21"
      },
      "bin": {
        "rsbuild": "bin/rsbuild.js"
      },
      "engines": {
        "node": "^20.19.0 || >=22.12.0"
      },
      "peerDependencies": {
        "core-js": ">= 3.0.0"
      },
      "peerDependenciesMeta": {
        "core-js": {
          "optional": true
        }
      }
    },
    "node_modules/@rspack/binding": {
      "version": "2.0.0",
      "resolved": "https://registry.npmjs.org/@rspack/binding/-/binding-2.0.0.tgz",
      "integrity": "sha512-WA2f9eQpejkvf5Vrnf6wNCn1m8RT1p08NjgOZpKhsCzr0uBjWeRvGduawlrFFHZh/jPnWZTVaVdQ08FEAWbwGw==",
      "license": "MIT",
      "optionalDependencies": {
        "@rspack/binding-darwin-arm64": "2.0.0",
        "@rspack/binding-darwin-x64": "2.0.0",
        "@rspack/binding-linux-arm64-gnu": "2.0.0",
        "@rspack/binding-linux-arm64-musl": "2.0.0",
        "@rspack/binding-linux-x64-gnu": "2.0.0",
        "@rspack/binding-linux-x64-musl": "2.0.0",
        "@rspack/binding-wasm32-wasi": "2.0.0",
        "@rspack/binding-win32-arm64-msvc": "2.0.0",
        "@rspack/binding-win32-ia32-msvc": "2.0.0",
        "@rspack/binding-win32-x64-msvc": "2.0.0"
      }
    },
    "node_modules/@rspack/binding-darwin-arm64": {
      "version": "2.0.0",
      "resolved": "https://registry.npmjs.org/@rspack/binding-darwin-arm64/-/binding-darwin-arm64-2.0.0.tgz",
      "integrity": "sha512-ICBHDKYyndFqljLhjxvKfWWZu39RJSH2jkSmbceXl0kmptLSE0cLWpvk+eGSzLqtxKN0jVchwCw+5P5mWCzwAw==",
      "cpu": [
        "arm64"
      ],
      "license": "MIT",
      "optional": true,
      "os": [
        "darwin"
      ]
    },
    "node_modules/@rspack/binding-darwin-x64": {
      "version": "2.0.0",
      "resolved": "https://registry.npmjs.org/@rspack/binding-darwin-x64/-/binding-darwin-x64-2.0.0.tgz",
      "integrity": "sha512-YQ96LMmzIzhZt9cZWUDWXSxS9UWWHWoLxJyZ5f42DSaVPVelBg5ThbVORDwOP5QDA2xFXj60rVnmmcZLzg/aDA==",
      "cpu": [
        "x64"
      ],
      "license": "MIT",
      "optional": true,
      "os": [
        "darwin"
      ]
    },
    "node_modules/@rspack/binding-linux-arm64-gnu": {
      "version": "2.0.0",
      "resolved": "https://registry.npmjs.org/@rspack/binding-linux-arm64-gnu/-/binding-linux-arm64-gnu-2.0.0.tgz",
      "integrity": "sha512-Ufn33gzkIV7JY69k6vJQEdOzRvBqThIgH46pwXksHSMwRZp8IbJhXfyYIAVsRWCk8fXpr9t1nAvCDvJXT2EeyA==",
      "cpu": [
        "arm64"
      ],
      "license": "MIT",
      "optional": true,
      "os": [
        "linux"
      ]
    },
    "node_modules/@rspack/binding-linux-arm64-musl": {
      "version": "2.0.0",
      "resolved": "https://registry.npmjs.org/@rspack/binding-linux-arm64-musl/-/binding-linux-arm64-musl-2.0.0.tgz",
      "integrity": "sha512-CZbvFKlNY9UC0C+Czz6i8JFCzGpuL9oX8gEqcJA1+84Y6eEEBH50UiTzeCewxKW3dOofkZdvT5vgNMXz6aMUmg==",
      "cpu": [
        "arm64"
      ],
      "license": "MIT",
      "optional": true,
      "os": [
        "linux"
      ]
    },
    "node_modules/@rspack/binding-linux-x64-gnu": {
      "version": "2.0.0",
      "resolved": "https://registry.npmjs.org/@rspack/binding-linux-x64-gnu/-/binding-linux-x64-gnu-2.0.0.tgz",
      "integrity": "sha512-dPjFGpoCvZfFpJBsWAUR+PR7mWYxpou6L026qIOpAVkz7WiTzErwKD3P1jVrpP4dM9yLb3fVE+PHHjTglhTJ4g==",
      "cpu": [
        "x64"
      ],
      "license": "MIT",
      "optional": true,
      "os": [
        "linux"
      ]
    },
    "node_modules/@rspack/binding-linux-x64-musl": {
      "version": "2.0.0",
      "resolved": "https://registry.npmjs.org/@rspack/binding-linux-x64-musl/-/binding-linux-x64-musl-2.0.0.tgz",
      "integrity": "sha512-4fgDTMWt0mJDiugdia2mdOjTbnm7yM1Drzl1JpPqlUlOr113byOhc+qgN57LURSGypz2yz/h/Zad7/UnVAxYJw==",
      "cpu": [
        "x64"
      ],
      "license": "MIT",
      "optional": true,
      "os": [
        "linux"
      ]
    },
    "node_modules/@rspack/binding-wasm32-wasi": {
      "version": "2.0.0",
      "resolved": "https://registry.npmjs.org/@rspack/binding-wasm32-wasi/-/binding-wasm32-wasi-2.0.0.tgz",
      "integrity": "sha512-ANk73ZKtPrZf9gdtyRK2nQUfhi1uXoC5P2KF89pyVAE8+zcoLBnYtZGYpWa/cmNi5BcO5g4Z+v2l1UA3bUPLQQ==",
      "cpu": [
        "wasm32"
      ],
      "license": "MIT",
      "optional": true,
      "dependencies": {
        "@emnapi/core": "1.10.0",
        "@emnapi/runtime": "1.10.0",
        "@napi-rs/wasm-runtime": "1.1.4"
      }
    },
    "node_modules/@rspack/binding-win32-arm64-msvc": {
      "version": "2.0.0",
      "resolved": "https://registry.npmjs.org/@rspack/binding-win32-arm64-msvc/-/binding-win32-arm64-msvc-2.0.0.tgz",
      "integrity": "sha512-IHZFRtJ85ONbM+BCtF4TeYXS2Fu9X0IJS2phX1rPibYq9iEtHGfBt4cNlnsJPhbPAXVvi4Oli/yiLRJ1zxtCIg==",
      "cpu": [
        "arm64"
      ],
      "license": "MIT",
      "optional": true,
      "os": [
        "win32"
      ]
    },
    "node_modules/@rspack/binding-win32-ia32-msvc": {
      "version": "2.0.0",
      "resolved": "https://registry.npmjs.org/@rspack/binding-win32-ia32-msvc/-/binding-win32-ia32-msvc-2.0.0.tgz",
      "integrity": "sha512-n4tbIqacq/FhNJflMlgZV50AeQFTLh5hnDS3v4W+rJWa3IW1VfgB0+XppdeW+Dqhw7QcMIsCmro01kwNdlXZDQ==",
      "cpu": [
        "ia32"
      ],
      "license": "MIT",
      "optional": true,
      "os": [
        "win32"
      ]
    },
    "node_modules/@rspack/binding-win32-x64-msvc": {
      "version": "2.0.0",
      "resolved": "https://registry.npmjs.org/@rspack/binding-win32-x64-msvc/-/binding-win32-x64-msvc-2.0.0.tgz",
      "integrity": "sha512-cJOgikIW2t3S+42TQZsv+DJriJt2m6lnUk+pUFu/fO93rrMvNrx8gfMxR8W5zDTreBX0cfMx2pw6EVmyi/YzsQ==",
      "cpu": [
        "x64"
      ],
      "license": "MIT",
      "optional": true,
      "os": [
        "win32"
      ]
    },
    "node_modules/@rspack/core": {
      "version": "2.0.0",
      "resolved": "https://registry.npmjs.org/@rspack/core/-/core-2.0.0.tgz",
      "integrity": "sha512-WD1mJM9LbZ7Z399Rbv9dE3BNEV0+3sE5OzDdzV8hOxUb3mX++ynK5n9kil8w60B6nGdcKeV9ly5aN4PgqiwWUg==",
      "license": "MIT",
      "dependencies": {
        "@rspack/binding": "2.0.0"
      },
      "engines": {
        "node": "^20.19.0 || >=22.12.0"
      },
      "peerDependencies": {
        "@module-federation/runtime-tools": "^0.24.1 || ^2.0.0",
        "@swc/helpers": ">=0.5.1"
      },
      "peerDependenciesMeta": {
        "@module-federation/runtime-tools": {
          "optional": true
        },
        "@swc/helpers": {
          "optional": true
        }
      }
    },
    "node_modules/@swc/helpers": {
      "version": "0.5.21",
      "resolved": "https://registry.npmjs.org/@swc/helpers/-/helpers-0.5.21.tgz",
      "integrity": "sha512-jI/VAmtdjB/RnI8GTnokyX7Ug8c+g+ffD6QRLa6XQewtnGyukKkKSk3wLTM3b5cjt1jNh9x0jfVlagdN2gDKQg==",
      "license": "Apache-2.0",
      "peer": true,
      "dependencies": {
        "tslib": "^2.8.0"
      }
    },
    "node_modules/@tybys/wasm-util": {
      "version": "0.10.1",
      "resolved": "https://registry.npmjs.org/@tybys/wasm-util/-/wasm-util-0.10.1.tgz",
      "integrity": "sha512-9tTaPJLSiejZKx+Bmog4uSubteqTvFrVrURwkmHixBo0G4seD0zUxp98E1DzUBJxLQ3NPwXrGKDiVjwx/DpPsg==",
      "license": "MIT",
      "optional": true,
      "dependencies": {
        "tslib": "^2.4.0"
      }
    },
    "node_modules/@types/node": {
      "version": "25.6.0",
      "resolved": "https://registry.npmjs.org/@types/node/-/node-25.6.0.tgz",
      "integrity": "sha512-+qIYRKdNYJwY3vRCZMdJbPLJAtGjQBudzZzdzwQYkEPQd+PJGixUL5QfvCLDaULoLv+RhT3LDkwEfKaAkgSmNQ==",
      "dev": true,
      "license": "MIT",
      "dependencies": {
        "undici-types": "~7.19.0"
      }
    },
    "node_modules/@types/ws": {
      "version": "8.18.1",
      "resolved": "https://registry.npmjs.org/@types/ws/-/ws-8.18.1.tgz",
      "integrity": "sha512-ThVF6DCVhA8kUGy+aazFQ4kXQ7E1Ty7A3ypFOe0IcJV8O/M511G99AW24irKrW56Wt44yG9+ij8FaqoBGkuBXg==",
      "dev": true,
      "license": "MIT",
      "dependencies": {
        "@types/node": "*"
      }
    },
    "node_modules/tslib": {
      "version": "2.8.1",
      "resolved": "https://registry.npmjs.org/tslib/-/tslib-2.8.1.tgz",
      "integrity": "sha512-oJFu94HQb+KVduSUQL7wnpmqnfmLsOA/nAh6b6EH0wCEoK0/mPeXU6c3wKDV83MkOuHPRHtSXKKU99IBazS/2w==",
      "license": "0BSD"
    },
    "node_modules/typescript": {
      "version": "6.0.3",
      "resolved": "https://registry.npmjs.org/typescript/-/typescript-6.0.3.tgz",
      "integrity": "sha512-y2TvuxSZPDyQakkFRPZHKFm+KKVqIisdg9/CZwm9ftvKXLP8NRWj38/ODjNbr43SsoXqNuAisEf1GdCxqWcdBw==",
      "dev": true,
      "license": "Apache-2.0",
      "bin": {
        "tsc": "bin/tsc",
        "tsserver": "bin/tsserver"
      },
      "engines": {
        "node": ">=14.17"
      }
    },
    "node_modules/undici-types": {
      "version": "7.19.2",
      "resolved": "https://registry.npmjs.org/undici-types/-/undici-types-7.19.2.tgz",
      "integrity": "sha512-qYVnV5OEm2AW8cJMCpdV20CDyaN3g0AjDlOGf1OW4iaDEx8MwdtChUp4zu4H0VP3nDRF/8RKWH+IPp9uW0YGZg==",
      "dev": true,
      "license": "MIT"
    },
    "node_modules/ws": {
      "version": "8.20.0",
      "resolved": "https://registry.npmjs.org/ws/-/ws-8.20.0.tgz",
      "integrity": "sha512-sAt8BhgNbzCtgGbt2OxmpuryO63ZoDk/sqaB/znQm94T4fCEsy/yV+7CdC1kJhOU9lboAEU7R3kquuycDoibVA==",
      "license": "MIT",
      "engines": {
        "node": ">=10.0.0"
      },
      "peerDependencies": {
        "bufferutil": "^4.0.1",
        "utf-8-validate": ">=5.0.2"
      },
      "peerDependenciesMeta": {
        "bufferutil": {
          "optional": true
        },
        "utf-8-validate": {
          "optional": true
        }
      }
    }
  }
}
